
Microsoft Visual Studio Solution File, Format Version 12.00
# Visual Studio 2017
Project("{FAE04EC0-301F-11D3-BF4B-00C04F79EFBC}") = "NekRevalidatie", "NekRevalidatie.csproj", "{0A790A06-07C3-464A-E68C-45A81CE10CB5}"
EndProject
Project("{FAE04EC0-301F-11D3-BF4B-00C04F79EFBC}") = "NekRevalidatie.Editor", "NekRevalidatie.Editor.csproj", "{4327C5B0-0628-3B75-4FD7-5EBD6151715B}"
EndProject
Global
	GlobalSection(SolutionConfigurationPlatforms) = preSolution
		Debug|Any CPU = Debug|Any CPU
		Release|Any CPU = Release|Any CPU
	EndGlobalSection
	GlobalSection(ProjectConfigurationPlatforms) = postSolution
		{0A790A06-07C3-464A-E68C-45A81CE10CB5}.Debug|Any CPU.ActiveCfg = Debug|Any CPU
		{0A790A06-07C3-464A-E68C-45A81CE10CB5}.Debug|Any CPU.Build.0 = Debug|Any CPU
		{0A790A06-07C3-464A-E68C-45A81CE10CB5}.Release|Any CPU.ActiveCfg = Release|Any CPU
		{0A790A06-07C3-464A-E68C-45A81CE10CB5}.Release|Any CPU.Build.0 = Release|Any CPU
		{4327C5B0-0628-3B75-4FD7-5EBD6151715B}.Debug|Any CPU.ActiveCfg = Debug|Any CPU
		{4327C5B0-0628-3B75-4FD7-5EBD6151715B}.Debug|Any CPU.Build.0 = Debug|Any CPU
		{4327C5B0-0628-3B75-4FD7-5EBD6151715B}.Release|Any CPU.ActiveCfg = Release|Any CPU
		{4327C5B0-0628-3B75-4FD7-5EBD6151715B}.Release|Any CPU.Build.0 = Release|Any CPU
	EndGlobalSection
	GlobalSection(SolutionProperties) = preSolution
		HideSolutionNode = FALSE
	EndGlobalSection
EndGlobal
